
Microsoft Visual Studio Solution File, Format Version 12.00
# Visual Studio 15
VisualStudioVersion = 15.0.27130.2027
MinimumVisualStudioVersion = 10.0.40219.1
Project("{9A19103F-16F7-4668-BE54-9A1E7A4F7556}") = "SistemaTurnos.WebApplication", "SistemaTurnos.WebApplication\SistemaTurnos.WebApplication.csproj", "{F2E36692-D1EA-4D5F-BE38-EC62DEAED72D}"
EndProject
Project("{9A19103F-16F7-4668-BE54-9A1E7A4F7556}") = "ApiTests", "ApiTests\ApiTests.csproj", "{7CA69DC0-80CF-43A2-802B-527F401629B9}"
EndProject
Project("{9A19103F-16F7-4668-BE54-9A1E7A4F7556}") = "SistemaTurnos.Populator", "SistemaTurnos.Populator\SistemaTurnos.Populator.csproj", "{B8A19807-3C80-4FB1-B4CB-5FC264134AC4}"
EndProject
Project("{9A19103F-16F7-4668-BE54-9A1E7A4F7556}") = "SistemaTurnos.Database", "SistemaTurnos.Database\SistemaTurnos.Database.csproj", "{D8CE110F-94DE-4917-9C24-1C64307795BC}"
EndProject
Project("{FAE04EC0-301F-11D3-BF4B-00C04F79EFBC}") = "SistemaTurnos.Commons", "SistemaTurnos.Commons\SistemaTurnos.Commons.csproj", "{9613DA4A-CCF3-490A-AEE8-E1E8544F013A}"
EndProject
Global
	GlobalSection(SolutionConfigurationPlatforms) = preSolution
		Debug|Any CPU = Debug|Any CPU
		Release|Any CPU = Release|Any CPU
	EndGlobalSection
	GlobalSection(ProjectConfigurationPlatforms) = postSolution
		{F2E36692-D1EA-4D5F-BE38-EC62DEAED72D}.Debug|Any CPU.ActiveCfg = Debug|Any CPU
		{F2E36692-D1EA-4D5F-BE38-EC62DEAED72D}.Debug|Any CPU.Build.0 = Debug|Any CPU
		{F2E36692-D1EA-4D5F-BE38-EC62DEAED72D}.Release|Any CPU.ActiveCfg = Release|Any CPU
		{F2E36692-D1EA-4D5F-BE38-EC62DEAED72D}.Release|Any CPU.Build.0 = Release|Any CPU
		{7CA69DC0-80CF-43A2-802B-527F401629B9}.Debug|Any CPU.ActiveCfg = Debug|Any CPU
		{7CA69DC0-80CF-43A2-802B-527F401629B9}.Debug|Any CPU.Build.0 = Debug|Any CPU
		{7CA69DC0-80CF-43A2-802B-527F401629B9}.Release|Any CPU.ActiveCfg = Release|Any CPU
		{7CA69DC0-80CF-43A2-802B-527F401629B9}.Release|Any CPU.Build.0 = Release|Any CPU
		{B8A19807-3C80-4FB1-B4CB-5FC264134AC4}.Debug|Any CPU.ActiveCfg = Debug|Any CPU
		{B8A19807-3C80-4FB1-B4CB-5FC264134AC4}.Debug|Any CPU.Build.0 = Debug|Any CPU
		{B8A19807-3C80-4FB1-B4CB-5FC264134AC4}.Release|Any CPU.ActiveCfg = Release|Any CPU
		{B8A19807-3C80-4FB1-B4CB-5FC264134AC4}.Release|Any CPU.Build.0 = Release|Any CPU
		{D8CE110F-94DE-4917-9C24-1C64307795BC}.Debug|Any CPU.ActiveCfg = Debug|Any CPU
		{D8CE110F-94DE-4917-9C24-1C64307795BC}.Debug|Any CPU.Build.0 = Debug|Any CPU
		{D8CE110F-94DE-4917-9C24-1C64307795BC}.Release|Any CPU.ActiveCfg = Release|Any CPU
		{D8CE110F-94DE-4917-9C24-1C64307795BC}.Release|Any CPU.Build.0 = Release|Any CPU
		{9613DA4A-CCF3-490A-AEE8-E1E8544F013A}.Debug|Any CPU.ActiveCfg = Debug|Any CPU
		{9613DA4A-CCF3-490A-AEE8-E1E8544F013A}.Debug|Any CPU.Build.0 = Debug|Any CPU
		{9613DA4A-CCF3-490A-AEE8-E1E8544F013A}.Release|Any CPU.ActiveCfg = Release|Any CPU
		{9613DA4A-CCF3-490A-AEE8-E1E8544F013A}.Release|Any CPU.Build.0 = Release|Any CPU
	EndGlobalSection
	GlobalSection(SolutionProperties) = preSolution
		HideSolutionNode = FALSE
	EndGlobalSection
	GlobalSection(ExtensibilityGlobals) = postSolution
		SolutionGuid = {0A80FF27-E6B5-438F-991D-B97B118E2155}
	EndGlobalSection
EndGlobal
